
Microsoft Visual Studio Solution File, Format Version 12.00
# Visual Studio Version 16
VisualStudioVersion = 16.0.32510.428
MinimumVisualStudioVersion = 10.0.40219.1
Project("{C9674DCB-5085-4A16-B785-4C70DD1589BD}") = "Integration Services Project", "Integration Services Project.dtproj", "{BAC8A542-E045-4F41-B6B5-1141188045AE}"
EndProject
Global
	GlobalSection(SolutionConfigurationPlatforms) = preSolution
		Development|Default = Development|Default
	EndGlobalSection
	GlobalSection(ProjectConfigurationPlatforms) = postSolution
		{BAC8A542-E045-4F41-B6B5-1141188045AE}.Development|Default.ActiveCfg = Development
		{BAC8A542-E045-4F41-B6B5-1141188045AE}.Development|Default.Build.0 = Development
	EndGlobalSection
	GlobalSection(SolutionProperties) = preSolution
		HideSolutionNode = FALSE
	EndGlobalSection
	GlobalSection(ExtensibilityGlobals) = postSolution
		SolutionGuid = {EFE65489-A01D-48A4-97C6-B27C908F77FB}
	EndGlobalSection
EndGlobal
